// !$*UTF8*$!
{
	archiveVersion = 1;
	classes = {
	};
	objectVersion = 51;
	objects = {

/* Begin PBXBuildFile section */
		151D1BA722BF1C6300E86768 /* shujuControl.m in Sources */ = {isa = PBXBuildFile; fileRef = 151D1BA622BF1C6300E86768 /* shujuControl.m */; };
		833877E007A8CA8B3044B8E1 /* Pods_SmartFarm.framework in Frameworks */ = {isa = PBXBuildFile; fileRef = E2224D445AA410252F9CE68B /* Pods_SmartFarm.framework */; };
		CB6626E822BF8DB200BA582B /* TYCyclePagerViewCell.m in Sources */ = {isa = PBXBuildFile; fileRef = CB6626E722BF8DB200BA582B /* TYCyclePagerViewCell.m */; };
		CB6626EE22BF9ED600BA582B /* TabBarController.m in Sources */ = {isa = PBXBuildFile; fileRef = CB6626ED22BF9ED600BA582B /* TabBarController.m */; };
		CB7F517322A6C2EC00D5111B /* AppDelegate.m in Sources */ = {isa = PBXBuildFile; fileRef = CB7F517222A6C2EC00D5111B /* AppDelegate.m */; };
		CB7F517622A6C2EC00D5111B /* FirstViewController.m in Sources */ = {isa = PBXBuildFile; fileRef = CB7F517522A6C2EC00D5111B /* FirstViewController.m */; };
		CB7F517922A6C2EC00D5111B /* SecondViewController.m in Sources */ = {isa = PBXBuildFile; fileRef = CB7F517822A6C2EC00D5111B /* SecondViewController.m */; };
		CB7F517C22A6C2EC00D5111B /* Main.storyboard in Resources */ = {isa = PBXBuildFile; fileRef = CB7F517A22A6C2EC00D5111B /* Main.storyboard */; };
		CB7F517E22A6C2EE00D5111B /* Assets.xcassets in Resources */ = {isa = PBXBuildFile; fileRef = CB7F517D22A6C2EE00D5111B /* Assets.xcassets */; };
		CB7F518122A6C2EE00D5111B /* LaunchScreen.storyboard in Resources */ = {isa = PBXBuildFile; fileRef = CB7F517F22A6C2EE00D5111B /* LaunchScreen.storyboard */; };
		CB7F518422A6C2EE00D5111B /* main.m in Sources */ = {isa = PBXBuildFile; fileRef = CB7F518322A6C2EE00D5111B /* main.m */; };
		CB7F518E22A6C2EE00D5111B /* SmartFarmTests.m in Sources */ = {isa = PBXBuildFile; fileRef = CB7F518D22A6C2EE00D5111B /* SmartFarmTests.m */; };
		CB7F519922A6C2EE00D5111B /* SmartFarmUITests.m in Sources */ = {isa = PBXBuildFile; fileRef = CB7F519822A6C2EE00D5111B /* SmartFarmUITests.m */; };
		CBCD57B122C7981300EFA721 /* SensorParameter.m in Sources */ = {isa = PBXBuildFile; fileRef = CBCD57B022C7981300EFA721 /* SensorParameter.m */; };
/* End PBXBuildFile section */

/* Begin PBXContainerItemProxy section */
		CB7F518A22A6C2EE00D5111B /* PBXContainerItemProxy */ = {
			isa = PBXContainerItemProxy;
			containerPortal = CB7F516622A6C2EC00D5111B /* Project object */;
			proxyType = 1;
			remoteGlobalIDString = CB7F516D22A6C2EC00D5111B;
			remoteInfo = SmartFarm;
		};
		CB7F519522A6C2EE00D5111B /* PBXContainerItemProxy */ = {
			isa = PBXContainerItemProxy;
			containerPortal = CB7F516622A6C2EC00D5111B /* Project object */;
			proxyType = 1;
			remoteGlobalIDString = CB7F516D22A6C2EC00D5111B;
			remoteInfo = SmartFarm;
		};
/* End PBXContainerItemProxy section */

/* Begin PBXFileReference section */
		151D1BA622BF1C6300E86768 /* shujuControl.m */ = {isa = PBXFileReference; lastKnownFileType = sourcecode.c.objc; path = shujuControl.m; sourceTree = "<group>"; };
		3F83CA3E25618F2EB2A7326E /* Pods-SmartFarm.release.xcconfig */ = {isa = PBXFileReference; includeInIndex = 1; lastKnownFileType = text.xcconfig; name = "Pods-SmartFarm.release.xcconfig"; path = "Target Support Files/Pods-SmartFarm/Pods-SmartFarm.release.xcconfig"; sourceTree = "<group>"; };
		9CE9D6305B8615511A37C3FF /* Pods-SmartFarm.debug.xcconfig */ = {isa = PBXFileReference; includeInIndex = 1; lastKnownFileType = text.xcconfig; name = "Pods-SmartFarm.debug.xcconfig"; path = "Target Support Files/Pods-SmartFarm/Pods-SmartFarm.debug.xcconfig"; sourceTree = "<group>"; };
		CB6626E622BF8DB200BA582B /* TYCyclePagerViewCell.h */ = {isa = PBXFileReference; lastKnownFileType = sourcecode.c.h; path = TYCyclePagerViewCell.h; sourceTree = "<group>"; };
		CB6626E722BF8DB200BA582B /* TYCyclePagerViewCell.m */ = {isa = PBXFileReference; lastKnownFileType = sourcecode.c.objc; path = TYCyclePagerViewCell.m; sourceTree = "<group>"; };
		CB6626EC22BF9ED600BA582B /* TabBarController.h */ = {isa = PBXFileReference; lastKnownFileType = sourcecode.c.h; path = TabBarController.h; sourceTree = "<group>"; };
		CB6626ED22BF9ED600BA582B /* TabBarController.m */ = {isa = PBXFileReference; lastKnownFileType = sourcecode.c.objc; path = TabBarController.m; sourceTree = "<group>"; };
		CB7F516E22A6C2EC00D5111B /* SmartFarm.app */ = {isa = PBXFileReference; explicitFileType = wrapper.application; includeInIndex = 0; path = SmartFarm.app; sourceTree = BUILT_PRODUCTS_DIR; };
		CB7F517122A6C2EC00D5111B /* AppDelegate.h */ = {isa = PBXFileReference; lastKnownFileType = sourcecode.c.h; path = AppDelegate.h; sourceTree = "<group>"; };
		CB7F517222A6C2EC00D5111B /* AppDelegate.m */ = {isa = PBXFileReference; lastKnownFileType = sourcecode.c.objc; path = AppDelegate.m; sourceTree = "<group>"; };
		CB7F517422A6C2EC00D5111B /* FirstViewController.h */ = {isa = PBXFileReference; lastKnownFileType = sourcecode.c.h; path = FirstViewController.h; sourceTree = "<group>"; };
		CB7F517522A6C2EC00D5111B /* FirstViewController.m */ = {isa = PBXFileReference; lastKnownFileType = sourcecode.c.objc; path = FirstViewController.m; sourceTree = "<group>"; };
		CB7F517722A6C2EC00D5111B /* SecondViewController.h */ = {isa = PBXFileReference; lastKnownFileType = sourcecode.c.h; path = SecondViewController.h; sourceTree = "<group>"; };
		CB7F517822A6C2EC00D5111B /* SecondViewController.m */ = {isa = PBXFileReference; lastKnownFileType = sourcecode.c.objc; path = SecondViewController.m; sourceTree = "<group>"; };
		CB7F517B22A6C2EC00D5111B /* Base */ = {isa = PBXFileReference; lastKnownFileType = file.storyboard; name = Base; path = Base.lproj/Main.storyboard; sourceTree = "<group>"; };
		CB7F517D22A6C2EE00D5111B /* Assets.xcassets */ = {isa = PBXFileReference; lastKnownFileType = folder.assetcatalog; path = Assets.xcassets; sourceTree = "<group>"; };
		CB7F518022A6C2EE00D5111B /* Base */ = {isa = PBXFileReference; lastKnownFileType = file.storyboard; name = Base; path = Base.lproj/LaunchScreen.storyboard; sourceTree = "<group>"; };
		CB7F518222A6C2EE00D5111B /* Info.plist */ = {isa = PBXFileReference; lastKnownFileType = text.plist.xml; path = Info.plist; sourceTree = "<group>"; };
		CB7F518322A6C2EE00D5111B /* main.m */ = {isa = PBXFileReference; lastKnownFileType = sourcecode.c.objc; path = main.m; sourceTree = "<group>"; };
		CB7F518922A6C2EE00D5111B /* SmartFarmTests.xctest */ = {isa = PBXFileReference; explicitFileType = wrapper.cfbundle; includeInIndex = 0; path = SmartFarmTests.xctest; sourceTree = BUILT_PRODUCTS_DIR; };
		CB7F518D22A6C2EE00D5111B /* SmartFarmTests.m */ = {isa = PBXFileReference; lastKnownFileType = sourcecode.c.objc; path = SmartFarmTests.m; sourceTree = "<group>"; };
		CB7F518F22A6C2EE00D5111B /* Info.plist */ = {isa = PBXFileReference; lastKnownFileType = text.plist.xml; path = Info.plist; sourceTree = "<group>"; };
		CB7F519422A6C2EE00D5111B /* SmartFarmUITests.xctest */ = {isa = PBXFileReference; explicitFileType = wrapper.cfbundle; includeInIndex = 0; path = SmartFarmUITests.xctest; sourceTree = BUILT_PRODUCTS_DIR; };
		CB7F519822A6C2EE00D5111B /* SmartFarmUITests.m */ = {isa = PBXFileReference; lastKnownFileType = sourcecode.c.objc; path = SmartFarmUITests.m; sourceTree = "<group>"; };
		CB7F519A22A6C2EE00D5111B /* Info.plist */ = {isa = PBXFileReference; lastKnownFileType = text.plist.xml; path = Info.plist; sourceTree = "<group>"; };
		CBCD57AF22C7981300EFA721 /* SensorParameter.h */ = {isa = PBXFileReference; lastKnownFileType = sourcecode.c.h; path = SensorParameter.h; sourceTree = "<group>"; };
		CBCD57B022C7981300EFA721 /* SensorParameter.m */ = {isa = PBXFileReference; lastKnownFileType = sourcecode.c.objc; path = SensorParameter.m; sourceTree = "<group>"; };
		E2224D445AA410252F9CE68B /* Pods_SmartFarm.framework */ = {isa = PBXFileReference; explicitFileType = wrapper.framework; includeInIndex = 0; path = Pods_SmartFarm.framework; sourceTree = BUILT_PRODUCTS_DIR; };
/* End PBXFileReference section */

/* Begin PBXFrameworksBuildPhase section */
		CB7F516B22A6C2EC00D5111B /* Frameworks */ = {
			isa = PBXFrameworksBuildPhase;
			buildActionMask = 2147483647;
			files = (
				833877E007A8CA8B3044B8E1 /* Pods_SmartFarm.framework in Frameworks */,
			);
			runOnlyForDeploymentPostprocessing = 0;
		};
		CB7F518622A6C2EE00D5111B /* Frameworks */ = {
			isa = PBXFrameworksBuildPhase;
			buildActionMask = 2147483647;
			files = (
			);
			runOnlyForDeploymentPostprocessing = 0;
		};
		CB7F519122A6C2EE00D5111B /* Frameworks */ = {
			isa = PBXFrameworksBuildPhase;
			buildActionMask = 2147483647;
			files = (
			);
			runOnlyForDeploymentPostprocessing = 0;
		};
/* End PBXFrameworksBuildPhase section */

/* Begin PBXGroup section */
		8058042B90FAA864AA48EBB7 /* Frameworks */ = {
			isa = PBXGroup;
			children = (
				E2224D445AA410252F9CE68B /* Pods_SmartFarm.framework */,
			);
			name = Frameworks;
			sourceTree = "<group>";
		};
		A6C10C8864BDFA8172CA744B /* Pods */ = {
			isa = PBXGroup;
			children = (
				9CE9D6305B8615511A37C3FF /* Pods-SmartFarm.debug.xcconfig */,
				3F83CA3E25618F2EB2A7326E /* Pods-SmartFarm.release.xcconfig */,
			);
			path = Pods;
			sourceTree = "<group>";
		};
		CB7F516522A6C2EC00D5111B = {
			isa = PBXGroup;
			children = (
				CB7F517022A6C2EC00D5111B /* SmartFarm */,
				CB7F518C22A6C2EE00D5111B /* SmartFarmTests */,
				CB7F519722A6C2EE00D5111B /* SmartFarmUITests */,
				CB7F516F22A6C2EC00D5111B /* Products */,
				A6C10C8864BDFA8172CA744B /* Pods */,
				8058042B90FAA864AA48EBB7 /* Frameworks */,
			);
			sourceTree = "<group>";
		};
		CB7F516F22A6C2EC00D5111B /* Products */ = {
			isa = PBXGroup;
			children = (
				CB7F516E22A6C2EC00D5111B /* SmartFarm.app */,
				CB7F518922A6C2EE00D5111B /* SmartFarmTests.xctest */,
				CB7F519422A6C2EE00D5111B /* SmartFarmUITests.xctest */,
			);
			name = Products;
			sourceTree = "<group>";
		};
		CB7F517022A6C2EC00D5111B /* SmartFarm */ = {
			isa = PBXGroup;
			children = (
				CB7F517122A6C2EC00D5111B /* AppDelegate.h */,
				CB7F517222A6C2EC00D5111B /* AppDelegate.m */,
				CB7F517422A6C2EC00D5111B /* FirstViewController.h */,
				CB7F517522A6C2EC00D5111B /* FirstViewController.m */,
				CB7F517722A6C2EC00D5111B /* SecondViewController.h */,
				CB7F517822A6C2EC00D5111B /* SecondViewController.m */,
				CB7F517A22A6C2EC00D5111B /* Main.storyboard */,
				CB7F517D22A6C2EE00D5111B /* Assets.xcassets */,
				CB7F517F22A6C2EE00D5111B /* LaunchScreen.storyboard */,
				CB7F518222A6C2EE00D5111B /* Info.plist */,
				CB7F518322A6C2EE00D5111B /* main.m */,
				151D1BA622BF1C6300E86768 /* shujuControl.m */,
				CB6626E622BF8DB200BA582B /* TYCyclePagerViewCell.h */,
				CB6626E722BF8DB200BA582B /* TYCyclePagerViewCell.m */,
				CB6626EC22BF9ED600BA582B /* TabBarController.h */,
				CB6626ED22BF9ED600BA582B /* TabBarController.m */,
				CBCD57AF22C7981300EFA721 /* SensorParameter.h */,
				CBCD57B022C7981300EFA721 /* SensorParameter.m */,
			);
			path = SmartFarm;
			sourceTree = "<group>";
		};
		CB7F518C22A6C2EE00D5111B /* SmartFarmTests */ = {
			isa = PBXGroup;
			children = (
				CB7F518D22A6C2EE00D5111B /* SmartFarmTests.m */,
				CB7F518F22A6C2EE00D5111B /* Info.plist */,
			);
			path = SmartFarmTests;
			sourceTree = "<group>";
		};
		CB7F519722A6C2EE00D5111B /* SmartFarmUITests */ = {
			isa = PBXGroup;
			children = (
				CB7F519822A6C2EE00D5111B /* SmartFarmUITests.m */,
				CB7F519A22A6C2EE00D5111B /* Info.plist */,
			);
			path = SmartFarmUITests;
			sourceTree = "<group>";
		};
/* End PBXGroup section */

/* Begin PBXNativeTarget section */
		CB7F516D22A6C2EC00D5111B /* SmartFarm */ = {
			isa = PBXNativeTarget;
			buildConfigurationList = CB7F519D22A6C2EE00D5111B /* Build configuration list for PBXNativeTarget "SmartFarm" */;
			buildPhases = (
				54BFFE75A2DEAE0840393DD2 /* [CP] Check Pods Manifest.lock */,
				CB7F516A22A6C2EC00D5111B /* Sources */,
				CB7F516B22A6C2EC00D5111B /* Frameworks */,
				CB7F516C22A6C2EC00D5111B /* Resources */,
				62DED65420F3ADA0CD3C853B /* [CP] Embed Pods Frameworks */,
			);
			buildRules = (
			);
			dependencies = (
			);
			name = SmartFarm;
			productName = SmartFarm;
			productReference = CB7F516E22A6C2EC00D5111B /* SmartFarm.app */;
			productType = "com.apple.product-type.application";
		};
		CB7F518822A6C2EE00D5111B /* SmartFarmTests */ = {
			isa = PBXNativeTarget;
			buildConfigurationList = CB7F51A022A6C2EE00D5111B /* Build configuration list for PBXNativeTarget "SmartFarmTests" */;
			buildPhases = (
				CB7F518522A6C2EE00D5111B /* Sources */,
				CB7F518622A6C2EE00D5111B /* Frameworks */,
				CB7F518722A6C2EE00D5111B /* Resources */,
			);
			buildRules = (
			);
			dependencies = (
				CB7F518B22A6C2EE00D5111B /* PBXTargetDependency */,
			);
			name = SmartFarmTests;
			productName = SmartFarmTests;
			productReference = CB7F518922A6C2EE00D5111B /* SmartFarmTests.xctest */;
			productType = "com.apple.product-type.bundle.unit-test";
		};
		CB7F519322A6C2EE00D5111B /* SmartFarmUITests */ = {
			isa = PBXNativeTarget;
			buildConfigurationList = CB7F51A322A6C2EE00D5111B /* Build configuration list for PBXNativeTarget "SmartFarmUITests" */;
			buildPhases = (
				CB7F519022A6C2EE00D5111B /* Sources */,
				CB7F519122A6C2EE00D5111B /* Frameworks */,
				CB7F519222A6C2EE00D5111B /* Resources */,
			);
			buildRules = (
			);
			dependencies = (
				CB7F519622A6C2EE00D5111B /* PBXTargetDependency */,
			);
			name = SmartFarmUITests;
			productName = SmartFarmUITests;
			productReference = CB7F519422A6C2EE00D5111B /* SmartFarmUITests.xctest */;
			productType = "com.apple.product-type.bundle.ui-testing";
		};
/* End PBXNativeTarget section */

/* Begin PBXProject section */
		CB7F516622A6C2EC00D5111B /* Project object */ = {
			isa = PBXProject;
			attributes = {
				LastUpgradeCheck = 1000;
				ORGANIZATIONNAME = Ssiswent;
				TargetAttributes = {
					CB7F516D22A6C2EC00D5111B = {
						CreatedOnToolsVersion = 10.0;
					};
					CB7F518822A6C2EE00D5111B = {
						CreatedOnToolsVersion = 10.0;
						TestTargetID = CB7F516D22A6C2EC00D5111B;
					};
					CB7F519322A6C2EE00D5111B = {
						CreatedOnToolsVersion = 10.0;
						TestTargetID = CB7F516D22A6C2EC00D5111B;
					};
				};
			};
			buildConfigurationList = CB7F516922A6C2EC00D5111B /* Build configuration list for PBXProject "SmartFarm" */;
			compatibilityVersion = "Xcode 9.3";
			developmentRegion = en;
			hasScannedForEncodings = 0;
			knownRegions = (
				en,
				Base,
			);
			mainGroup = CB7F516522A6C2EC00D5111B;
			productRefGroup = CB7F516F22A6C2EC00D5111B /* Products */;
			projectDirPath = "";
			projectRoot = "";
			targets = (
				CB7F516D22A6C2EC00D5111B /* SmartFarm */,
				CB7F518822A6C2EE00D5111B /* SmartFarmTests */,
				CB7F519322A6C2EE00D5111B /* SmartFarmUITests */,
			);
		};
/* End PBXProject section */

/* Begin PBXResourcesBuildPhase section */
		CB7F516C22A6C2EC00D5111B /* Resources */ = {
			isa = PBXResourcesBuildPhase;
			buildActionMask = 2147483647;
			files = (
				CB7F518122A6C2EE00D5111B /* LaunchScreen.storyboard in Resources */,
				CB7F517E22A6C2EE00D5111B /* Assets.xcassets in Resources */,
				CB7F517C22A6C2EC00D5111B /* Main.storyboard in Resources */,
			);
			runOnlyForDeploymentPostprocessing = 0;
		};
		CB7F518722A6C2EE00D5111B /* Resources */ = {
			isa = PBXResourcesBuildPhase;
			buildActionMask = 2147483647;
			files = (
			);
			runOnlyForDeploymentPostprocessing = 0;
		};
		CB7F519222A6C2EE00D5111B /* Resources */ = {
			isa = PBXResourcesBuildPhase;
			buildActionMask = 2147483647;
			files = (
			);
			runOnlyForDeploymentPostprocessing = 0;
		};
/* End PBXResourcesBuildPhase section */

/* Begin PBXShellScriptBuildPhase section */
		54BFFE75A2DEAE0840393DD2 /* [CP] Check Pods Manifest.lock */ = {
			isa = PBXShellScriptBuildPhase;
			buildActionMask = 2147483647;
			files = (
			);
			inputFileListPaths = (
			);
			inputPaths = (
				"${PODS_PODFILE_DIR_PATH}/Podfile.lock",
				"${PODS_ROOT}/Manifest.lock",
			);
			name = "[CP] Check Pods Manifest.lock";
			outputFileListPaths = (
			);
			outputPaths = (
				"$(DERIVED_FILE_DIR)/Pods-SmartFarm-checkManifestLockResult.txt",
			);
			runOnlyForDeploymentPostprocessing = 0;
			shellPath = /bin/sh;
			shellScript = "diff \"${PODS_PODFILE_DIR_PATH}/Podfile.lock\" \"${PODS_ROOT}/Manifest.lock\" > /dev/null\nif [ $? != 0 ] ; then\n    # print error to STDERR\n    echo \"error: The sandbox is not in sync with the Podfile.lock. Run 'pod install' or update your CocoaPods installation.\" >&2\n    exit 1\nfi\n# This output is used by Xcode 'outputs' to avoid re-running this script phase.\necho \"SUCCESS\" > \"${SCRIPT_OUTPUT_FILE_0}\"\n";
			showEnvVarsInLog = 0;
		};
		62DED65420F3ADA0CD3C853B /* [CP] Embed Pods Frameworks */ = {
			isa = PBXShellScriptBuildPhase;
			buildActionMask = 2147483647;
			files = (
			);
			inputFileListPaths = (
				"${PODS_ROOT}/Target Support Files/Pods-SmartFarm/Pods-SmartFarm-frameworks-${CONFIGURATION}-input-files.xcfilelist",
			);
			name = "[CP] Embed Pods Frameworks";
			outputFileListPaths = (
				"${PODS_ROOT}/Target Support Files/Pods-SmartFarm/Pods-SmartFarm-frameworks-${CONFIGURATION}-output-files.xcfilelist",
			);
			runOnlyForDeploymentPostprocessing = 0;
			shellPath = /bin/sh;
			shellScript = "\"${PODS_ROOT}/Target Support Files/Pods-SmartFarm/Pods-SmartFarm-frameworks.sh\"\n";
			showEnvVarsInLog = 0;
		};
/* End PBXShellScriptBuildPhase section */

/* Begin PBXSourcesBuildPhase section */
		CB7F516A22A6C2EC00D5111B /* Sources */ = {
			isa = PBXSourcesBuildPhase;
			buildActionMask = 2147483647;
			files = (
				CB6626EE22BF9ED600BA582B /* TabBarController.m in Sources */,
				CB7F517922A6C2EC00D5111B /* SecondViewController.m in Sources */,
				CB7F517322A6C2EC00D5111B /* AppDelegate.m in Sources */,
				CB6626E822BF8DB200BA582B /* TYCyclePagerViewCell.m in Sources */,
				CB7F518422A6C2EE00D5111B /* main.m in Sources */,
				151D1BA722BF1C6300E86768 /* shujuControl.m in Sources */,
				CB7F517622A6C2EC00D5111B /* FirstViewController.m in Sources */,
				CBCD57B122C7981300EFA721 /* SensorParameter.m in Sources */,
			);
			runOnlyForDeploymentPostprocessing = 0;
		};
		CB7F518522A6C2EE00D5111B /* Sources */ = {
			isa = PBXSourcesBuildPhase;
			buildActionMask = 2147483647;
			files = (
				CB7F518E22A6C2EE00D5111B /* SmartFarmTests.m in Sources */,
			);
			runOnlyForDeploymentPostprocessing = 0;
		};
		CB7F519022A6C2EE00D5111B /* Sources */ = {
			isa = PBXSourcesBuildPhase;
			buildActionMask = 2147483647;
			files = (
				CB7F519922A6C2EE00D5111B /* SmartFarmUITests.m in Sources */,
			);
			runOnlyForDeploymentPostprocessing = 0;
		};
/* End PBXSourcesBuildPhase section */

/* Begin PBXTargetDependency section */
		CB7F518B22A6C2EE00D5111B /* PBXTargetDependency */ = {
			isa = PBXTargetDependency;
			target = CB7F516D22A6C2EC00D5111B /* SmartFarm */;
			targetProxy = CB7F518A22A6C2EE00D5111B /* PBXContainerItemProxy */;
		};
		CB7F519622A6C2EE00D5111B /* PBXTargetDependency */ = {
			isa = PBXTargetDependency;
			target = CB7F516D22A6C2EC00D5111B /* SmartFarm */;
			targetProxy = CB7F519522A6C2EE00D5111B /* PBXContainerItemProxy */;
		};
/* End PBXTargetDependency section */

/* Begin PBXVariantGroup section */
		CB7F517A22A6C2EC00D5111B /* Main.storyboard */ = {
			isa = PBXVariantGroup;
			children = (
				CB7F517B22A6C2EC00D5111B /* Base */,
			);
			name = Main.storyboard;
			sourceTree = "<group>";
		};
		CB7F517F22A6C2EE00D5111B /* LaunchScreen.storyboard */ = {
			isa = PBXVariantGroup;
			children = (
				CB7F518022A6C2EE00D5111B /* Base */,
			);
			name = LaunchScreen.storyboard;
			sourceTree = "<group>";
		};
/* End PBXVariantGroup section */

/* Begin XCBuildConfiguration section */
		CB7F519B22A6C2EE00D5111B /* Debug */ = {
			isa = XCBuildConfiguration;
			buildSettings = {
				ALWAYS_SEARCH_USER_PATHS = NO;
				CLANG_ANALYZER_NONNULL = YES;
				CLANG_ANALYZER_NUMBER_OBJECT_CONVERSION = YES_AGGRESSIVE;
				CLANG_CXX_LANGUAGE_STANDARD = "gnu++14";
				CLANG_CXX_LIBRARY = "libc++";
				CLANG_ENABLE_MODULES = YES;
				CLANG_ENABLE_OBJC_ARC = YES;
				CLANG_ENABLE_OBJC_WEAK = YES;
				CLANG_WARN_BLOCK_CAPTURE_AUTORELEASING = YES;
				CLANG_WARN_BOOL_CONVERSION = YES;
				CLANG_WARN_COMMA = YES;
				CLANG_WARN_CONSTANT_CONVERSION = YES;
				CLANG_WARN_DEPRECATED_OBJC_IMPLEMENTATIONS = YES;
				CLANG_WARN_DIRECT_OBJC_ISA_USAGE = YES_ERROR;
				CLANG_WARN_DOCUMENTATION_COMMENTS = YES;
				CLANG_WARN_EMPTY_BODY = YES;
				CLANG_WARN_ENUM_CONVERSION = YES;
				CLANG_WARN_INFINITE_RECURSION = YES;
				CLANG_WARN_INT_CONVERSION = YES;
				CLANG_WARN_NON_LITERAL_NULL_CONVERSION = YES;
				CLANG_WARN_OBJC_IMPLICIT_RETAIN_SELF = YES;
				CLANG_WARN_OBJC_LITERAL_CONVERSION = YES;
				CLANG_WARN_OBJC_ROOT_CLASS = YES_ERROR;
				CLANG_WARN_RANGE_LOOP_ANALYSIS = YES;
				CLANG_WARN_STRICT_PROTOTYPES = YES;
				CLANG_WARN_SUSPICIOUS_MOVE = YES;
				CLANG_WARN_UNGUARDED_AVAILABILITY = YES_AGGRESSIVE;
				CLANG_WARN_UNREACHABLE_CODE = YES;
				CLANG_WARN__DUPLICATE_METHOD_MATCH = YES;
				CODE_SIGN_IDENTITY = "iPhone Developer";
				COPY_PHASE_STRIP = NO;
				DEBUG_INFORMATION_FORMAT = dwarf;
				ENABLE_STRICT_OBJC_MSGSEND = YES;
				ENABLE_TESTABILITY = YES;
				GCC_C_LANGUAGE_STANDARD = gnu11;
				GCC_DYNAMIC_NO_PIC = NO;
				GCC_NO_COMMON_BLOCKS = YES;
				GCC_OPTIMIZATION_LEVEL = 0;
				GCC_PREPROCESSOR_DEFINITIONS = (
					"DEBUG=1",
					"$(inherited)",
				);
				GCC_WARN_64_TO_32_BIT_CONVERSION = YES;
				GCC_WARN_ABOUT_RETURN_TYPE = YES_ERROR;
				GCC_WARN_UNDECLARED_SELECTOR = YES;
				GCC_WARN_UNINITIALIZED_AUTOS = YES_AGGRESSIVE;
				GCC_WARN_UNUSED_FUNCTION = YES;
				GCC_WARN_UNUSED_VARIABLE = YES;
				IPHONEOS_DEPLOYMENT_TARGET = 12.0;
				MTL_ENABLE_DEBUG_INFO = INCLUDE_SOURCE;
				MTL_FAST_MATH = YES;
				ONLY_ACTIVE_ARCH = YES;
				SDKROOT = iphoneos;
			};
			name = Debug;
		};
		CB7F519C22A6C2EE00D5111B /* Release */ = {
			isa = XCBuildConfiguration;
			buildSettings = {
				ALWAYS_SEARCH_USER_PATHS = NO;
				CLANG_ANALYZER_NONNULL = YES;
				CLANG_ANALYZER_NUMBER_OBJECT_CONVERSION = YES_AGGRESSIVE;
				CLANG_CXX_LANGUAGE_STANDARD = "gnu++14";
				CLANG_CXX_LIBRARY = "libc++";
				CLANG_ENABLE_MODULES = YES;
				CLANG_ENABLE_OBJC_ARC = YES;
				CLANG_ENABLE_OBJC_WEAK = YES;
				CLANG_WARN_BLOCK_CAPTURE_AUTORELEASING = YES;
				CLANG_WARN_BOOL_CONVERSION = YES;
				CLANG_WARN_COMMA = YES;
				CLANG_WARN_CONSTANT_CONVERSION = YES;
				CLANG_WARN_DEPRECATED_OBJC_IMPLEMENTATIONS = YES;
				CLANG_WARN_DIRECT_OBJC_ISA_USAGE = YES_ERROR;
				CLANG_WARN_DOCUMENTATION_COMMENTS = YES;
				CLANG_WARN_EMPTY_BODY = YES;
				CLANG_WARN_ENUM_CONVERSION = YES;
				CLANG_WARN_INFINITE_RECURSION = YES;
				CLANG_WARN_INT_CONVERSION = YES;
				CLANG_WARN_NON_LITERAL_NULL_CONVERSION = YES;
				CLANG_WARN_OBJC_IMPLICIT_RETAIN_SELF = YES;
				CLANG_WARN_OBJC_LITERAL_CONVERSION = YES;
				CLANG_WARN_OBJC_ROOT_CLASS = YES_ERROR;
				CLANG_WARN_RANGE_LOOP_ANALYSIS = YES;
				CLANG_WARN_STRICT_PROTOTYPES = YES;
				CLANG_WARN_SUSPICIOUS_MOVE = YES;
				CLANG_WARN_UNGUARDED_AVAILABILITY = YES_AGGRESSIVE;
				CLANG_WARN_UNREACHABLE_CODE = YES;
				CLANG_WARN__DUPLICATE_METHOD_MATCH = YES;
				CODE_SIGN_IDENTITY = "iPhone Developer";
				COPY_PHASE_STRIP = NO;
				DEBUG_INFORMATION_FORMAT = "dwarf-with-dsym";
				ENABLE_NS_ASSERTIONS = NO;
				ENABLE_STRICT_OBJC_MSGSEND = YES;
				GCC_C_LANGUAGE_STANDARD = gnu11;
				GCC_NO_COMMON_BLOCKS = YES;
				GCC_WARN_64_TO_32_BIT_CONVERSION = YES;
				GCC_WARN_ABOUT_RETURN_TYPE = YES_ERROR;
				GCC_WARN_UNDECLARED_SELECTOR = YES;
				GCC_WARN_UNINITIALIZED_AUTOS = YES_AGGRESSIVE;
				GCC_WARN_UNUSED_FUNCTION = YES;
				GCC_WARN_UNUSED_VARIABLE = YES;
				IPHONEOS_DEPLOYMENT_TARGET = 12.0;
				MTL_ENABLE_DEBUG_INFO = NO;
				MTL_FAST_MATH = YES;
				SDKROOT = iphoneos;
				VALIDATE_PRODUCT = YES;
			};
			name = Release;
		};
		CB7F519E22A6C2EE00D5111B /* Debug */ = {
			isa = XCBuildConfiguration;
			baseConfigurationReference = 9CE9D6305B8615511A37C3FF /* Pods-SmartFarm.debug.xcconfig */;
			buildSettings = {
				ASSETCATALOG_COMPILER_APPICON_NAME = AppIcon;
				CODE_SIGN_STYLE = Automatic;
				DEVELOPMENT_TEAM = A84QXBXH2V;
				FRAMEWORK_SEARCH_PATHS = (
					"$(inherited)",
					"$(PROJECT_DIR)",
				);
				INFOPLIST_FILE = SmartFarm/Info.plist;
				IPHONEOS_DEPLOYMENT_TARGET = 12.0;
				LD_RUNPATH_SEARCH_PATHS = (
					"$(inherited)",
					"@executable_path/Frameworks",
				);
				OTHER_LDFLAGS = (
					"$(inherited)",
					"-framework",
					"\"MQTTClient\"",
					"-framework",
					"\"TYCyclePagerView\"",
				);
				PRODUCT_BUNDLE_IDENTIFIER = Ssiswent.SmartFarm;
				PRODUCT_NAME = "$(TARGET_NAME)";
				PROVISIONING_PROFILE_SPECIFIER = "";
				TARGETED_DEVICE_FAMILY = "1,2";
			};
			name = Debug;
		};
		CB7F519F22A6C2EE00D5111B /* Release */ = {
			isa = XCBuildConfiguration;
			baseConfigurationReference = 3F83CA3E25618F2EB2A7326E /* Pods-SmartFarm.release.xcconfig */;
			buildSettings = {
				ASSETCATALOG_COMPILER_APPICON_NAME = AppIcon;
				CODE_SIGN_STYLE = Automatic;
				DEVELOPMENT_TEAM = A84QXBXH2V;
				FRAMEWORK_SEARCH_PATHS = (
					"$(inherited)",
					"$(PROJECT_DIR)",
				);
				INFOPLIST_FILE = SmartFarm/Info.plist;
				IPHONEOS_DEPLOYMENT_TARGET = 12.0;
				LD_RUNPATH_SEARCH_PATHS = (
					"$(inherited)",
					"@executable_path/Frameworks",
				);
				OTHER_LDFLAGS = (
					"$(inherited)",
					"-framework",
					"\"MQTTClient\"",
					"-framework",
					"\"TYCyclePagerView\"",
				);
				PRODUCT_BUNDLE_IDENTIFIER = Ssiswent.SmartFarm;
				PRODUCT_NAME = "$(TARGET_NAME)";
				PROVISIONING_PROFILE_SPECIFIER = "";
				TARGETED_DEVICE_FAMILY = "1,2";
			};
			name = Release;
		};
		CB7F51A122A6C2EE00D5111B /* Debug */ = {
			isa = XCBuildConfiguration;
			buildSettings = {
				BUNDLE_LOADER = "$(TEST_HOST)";
				CODE_SIGN_STYLE = Automatic;
				DEVELOPMENT_TEAM = A84QXBXH2V;
				INFOPLIST_FILE = SmartFarmTests/Info.plist;
				LD_RUNPATH_SEARCH_PATHS = (
					"$(inherited)",
					"@executable_path/Frameworks",
					"@loader_path/Frameworks",
				);
				PRODUCT_BUNDLE_IDENTIFIER = Ssiswent.SmartFarmTests;
				PRODUCT_NAME = "$(TARGET_NAME)";
				TARGETED_DEVICE_FAMILY = "1,2";
				TEST_HOST = "$(BUILT_PRODUCTS_DIR)/SmartFarm.app/SmartFarm";
			};
			name = Debug;
		};
		CB7F51A222A6C2EE00D5111B /* Release */ = {
			isa = XCBuildConfiguration;
			buildSettings = {
				BUNDLE_LOADER = "$(TEST_HOST)";
				CODE_SIGN_STYLE = Automatic;
				DEVELOPMENT_TEAM = A84QXBXH2V;
				INFOPLIST_FILE = SmartFarmTests/Info.plist;
				LD_RUNPATH_SEARCH_PATHS = (
					"$(inherited)",
					"@executable_path/Frameworks",
					"@loader_path/Frameworks",
				);
				PRODUCT_BUNDLE_IDENTIFIER = Ssiswent.SmartFarmTests;
				PRODUCT_NAME = "$(TARGET_NAME)";
				TARGETED_DEVICE_FAMILY = "1,2";
				TEST_HOST = "$(BUILT_PRODUCTS_DIR)/SmartFarm.app/SmartFarm";
			};
			name = Release;
		};
		CB7F51A422A6C2EE00D5111B /* Debug */ = {
			isa = XCBuildConfiguration;
			buildSettings = {
				CODE_SIGN_STYLE = Automatic;
				DEVELOPMENT_TEAM = A84QXBXH2V;
				INFOPLIST_FILE = SmartFarmUITests/Info.plist;
				LD_RUNPATH_SEARCH_PATHS = (
					"$(inherited)",
					"@executable_path/Frameworks",
					"@loader_path/Frameworks",
				);
				PRODUCT_BUNDLE_IDENTIFIER = Ssiswent.SmartFarmUITests;
				PRODUCT_NAME = "$(TARGET_NAME)";
				TARGETED_DEVICE_FAMILY = "1,2";
				TEST_TARGET_NAME = SmartFarm;
			};
			name = Debug;
		};
		CB7F51A522A6C2EE00D5111B /* Release */ = {
			isa = XCBuildConfiguration;
			buildSettings = {
				CODE_SIGN_STYLE = Automatic;
				DEVELOPMENT_TEAM = A84QXBXH2V;
				INFOPLIST_FILE = SmartFarmUITests/Info.plist;
				LD_RUNPATH_SEARCH_PATHS = (
					"$(inherited)",
					"@executable_path/Frameworks",
					"@loader_path/Frameworks",
				);
				PRODUCT_BUNDLE_IDENTIFIER = Ssiswent.SmartFarmUITests;
				PRODUCT_NAME = "$(TARGET_NAME)";
				TARGETED_DEVICE_FAMILY = "1,2";
				TEST_TARGET_NAME = SmartFarm;
			};
			name = Release;
		};
/* End XCBuildConfiguration section */

/* Begin XCConfigurationList section */
		CB7F516922A6C2EC00D5111B /* Build configuration list for PBXProject "SmartFarm" */ = {
			isa = XCConfigurationList;
			buildConfigurations = (
				CB7F519B22A6C2EE00D5111B /* Debug */,
				CB7F519C22A6C2EE00D5111B /* Release */,
			);
			defaultConfigurationIsVisible = 0;
			defaultConfigurationName = Release;
		};
		CB7F519D22A6C2EE00D5111B /* Build configuration list for PBXNativeTarget "SmartFarm" */ = {
			isa = XCConfigurationList;
			buildConfigurations = (
				CB7F519E22A6C2EE00D5111B /* Debug */,
				CB7F519F22A6C2EE00D5111B /* Release */,
			);
			defaultConfigurationIsVisible = 0;
			defaultConfigurationName = Release;
		};
		CB7F51A022A6C2EE00D5111B /* Build configuration list for PBXNativeTarget "SmartFarmTests" */ = {
			isa = XCConfigurationList;
			buildConfigurations = (
				CB7F51A122A6C2EE00D5111B /* Debug */,
				CB7F51A222A6C2EE00D5111B /* Release */,
			);
			defaultConfigurationIsVisible = 0;
			defaultConfigurationName = Release;
		};
		CB7F51A322A6C2EE00D5111B /* Build configuration list for PBXNativeTarget "SmartFarmUITests" */ = {
			isa = XCConfigurationList;
			buildConfigurations = (
				CB7F51A422A6C2EE00D5111B /* Debug */,
				CB7F51A522A6C2EE00D5111B /* Release */,
			);
			defaultConfigurationIsVisible = 0;
			defaultConfigurationName = Release;
		};
/* End XCConfigurationList section */
	};
	rootObject = CB7F516622A6C2EC00D5111B /* Project object */;
}
